
Microsoft Visual Studio Solution File, Format Version 12.00
# Visual Studio Version 17
VisualStudioVersion = 17.4.33110.190
MinimumVisualStudioVersion = 10.0.40219.1
Project("{FAE04EC0-301F-11D3-BF4B-00C04F79EFBC}") = "UC-2 LineComp", "UC-2 LineComp.csproj", "{C29FB96C-B242-4686-B8A5-33EE63029B1B}"
EndProject
Global
	GlobalSection(SolutionConfigurationPlatforms) = preSolution
		Debug|Any CPU = Debug|Any CPU
		Release|Any CPU = Release|Any CPU
	EndGlobalSection
	GlobalSection(ProjectConfigurationPlatforms) = postSolution
		{C29FB96C-B242-4686-B8A5-33EE63029B1B}.Debug|Any CPU.ActiveCfg = Debug|Any CPU
		{C29FB96C-B242-4686-B8A5-33EE63029B1B}.Debug|Any CPU.Build.0 = Debug|Any CPU
		{C29FB96C-B242-4686-B8A5-33EE63029B1B}.Release|Any CPU.ActiveCfg = Release|Any CPU
		{C29FB96C-B242-4686-B8A5-33EE63029B1B}.Release|Any CPU.Build.0 = Release|Any CPU
	EndGlobalSection
	GlobalSection(SolutionProperties) = preSolution
		HideSolutionNode = FALSE
	EndGlobalSection
	GlobalSection(ExtensibilityGlobals) = postSolution
		SolutionGuid = {70DCF9B9-A29D-45B5-A6F8-3D338BD2E770}
	EndGlobalSection
EndGlobal
